
Microsoft Visual Studio Solution File, Format Version 12.00
# Visual Studio Version 17
VisualStudioVersion = 17.2.32630.192
MinimumVisualStudioVersion = 10.0.40219.1
Project("{FAE04EC0-301F-11D3-BF4B-00C04F79EFBC}") = "ref_и_делегат", "ref_и_делегат\ref_и_делегат.csproj", "{1BF439BE-6989-4DBD-8D9D-59F319CB6D17}"
EndProject
Global
	GlobalSection(SolutionConfigurationPlatforms) = preSolution
		Debug|Any CPU = Debug|Any CPU
		Release|Any CPU = Release|Any CPU
	EndGlobalSection
	GlobalSection(ProjectConfigurationPlatforms) = postSolution
		{1BF439BE-6989-4DBD-8D9D-59F319CB6D17}.Debug|Any CPU.ActiveCfg = Debug|Any CPU
		{1BF439BE-6989-4DBD-8D9D-59F319CB6D17}.Debug|Any CPU.Build.0 = Debug|Any CPU
		{1BF439BE-6989-4DBD-8D9D-59F319CB6D17}.Release|Any CPU.ActiveCfg = Release|Any CPU
		{1BF439BE-6989-4DBD-8D9D-59F319CB6D17}.Release|Any CPU.Build.0 = Release|Any CPU
	EndGlobalSection
	GlobalSection(SolutionProperties) = preSolution
		HideSolutionNode = FALSE
	EndGlobalSection
	GlobalSection(ExtensibilityGlobals) = postSolution
		SolutionGuid = {B42E9B11-7D9F-49E7-865C-E3D1C8E1C5D4}
	EndGlobalSection
EndGlobal
